
Microsoft Visual Studio Solution File, Format Version 12.00
# Visual Studio Version 17
VisualStudioVersion = 17.9.34622.214
MinimumVisualStudioVersion = 10.0.40219.1
Project("{FAE04EC0-301F-11D3-BF4B-00C04F79EFBC}") = "TCP_Server", "TCP_Server\TCP_Server.csproj", "{86CDE7D1-9063-42E8-8B97-479A368101BF}"
EndProject
Project("{FAE04EC0-301F-11D3-BF4B-00C04F79EFBC}") = "TCP_Client", "TCP_Client\TCP_Client.csproj", "{80F242A9-A037-4F12-8352-79735EA3CECD}"
EndProject
Project("{2150E333-8FDC-42A3-9474-1A3956D46DE8}") = "TCP_Echo", "TCP_Echo", "{622CAC72-8FCC-4041-89C3-8AD11D08BDEF}"
EndProject
Project("{2150E333-8FDC-42A3-9474-1A3956D46DE8}") = "UDP_Echo", "UDP_Echo", "{827492E4-4CF2-4413-A0CA-B1D999EE093E}"
EndProject
Global
	GlobalSection(SolutionConfigurationPlatforms) = preSolution
		Debug|Any CPU = Debug|Any CPU
		Release|Any CPU = Release|Any CPU
	EndGlobalSection
	GlobalSection(ProjectConfigurationPlatforms) = postSolution
		{86CDE7D1-9063-42E8-8B97-479A368101BF}.Debug|Any CPU.ActiveCfg = Debug|Any CPU
		{86CDE7D1-9063-42E8-8B97-479A368101BF}.Debug|Any CPU.Build.0 = Debug|Any CPU
		{86CDE7D1-9063-42E8-8B97-479A368101BF}.Release|Any CPU.ActiveCfg = Release|Any CPU
		{86CDE7D1-9063-42E8-8B97-479A368101BF}.Release|Any CPU.Build.0 = Release|Any CPU
		{80F242A9-A037-4F12-8352-79735EA3CECD}.Debug|Any CPU.ActiveCfg = Debug|Any CPU
		{80F242A9-A037-4F12-8352-79735EA3CECD}.Debug|Any CPU.Build.0 = Debug|Any CPU
		{80F242A9-A037-4F12-8352-79735EA3CECD}.Release|Any CPU.ActiveCfg = Release|Any CPU
		{80F242A9-A037-4F12-8352-79735EA3CECD}.Release|Any CPU.Build.0 = Release|Any CPU
	EndGlobalSection
	GlobalSection(SolutionProperties) = preSolution
		HideSolutionNode = FALSE
	EndGlobalSection
	GlobalSection(NestedProjects) = preSolution
		{86CDE7D1-9063-42E8-8B97-479A368101BF} = {622CAC72-8FCC-4041-89C3-8AD11D08BDEF}
		{80F242A9-A037-4F12-8352-79735EA3CECD} = {622CAC72-8FCC-4041-89C3-8AD11D08BDEF}
	EndGlobalSection
	GlobalSection(ExtensibilityGlobals) = postSolution
		SolutionGuid = {D754E861-E51E-40B4-AE98-BCDC7C74D0AA}
	EndGlobalSection
EndGlobal
